
Microsoft Visual Studio Solution File, Format Version 12.00
# Visual Studio Version 17
VisualStudioVersion = 17.4.33213.308
MinimumVisualStudioVersion = 10.0.40219.1
Project("{9A19103F-16F7-4668-BE54-9A1E7A4F7556}") = "HomeBookkeepingApp", "HomeBookkeepingApp\HomeBookkeepingApp.csproj", "{4C6C2109-97AC-4F22-B83A-56180D7AADAC}"
EndProject
Global
	GlobalSection(SolutionConfigurationPlatforms) = preSolution
		Debug|Any CPU = Debug|Any CPU
		Release|Any CPU = Release|Any CPU
	EndGlobalSection
	GlobalSection(ProjectConfigurationPlatforms) = postSolution
		{4C6C2109-97AC-4F22-B83A-56180D7AADAC}.Debug|Any CPU.ActiveCfg = Debug|Any CPU
		{4C6C2109-97AC-4F22-B83A-56180D7AADAC}.Debug|Any CPU.Build.0 = Debug|Any CPU
		{4C6C2109-97AC-4F22-B83A-56180D7AADAC}.Release|Any CPU.ActiveCfg = Release|Any CPU
		{4C6C2109-97AC-4F22-B83A-56180D7AADAC}.Release|Any CPU.Build.0 = Release|Any CPU
	EndGlobalSection
	GlobalSection(SolutionProperties) = preSolution
		HideSolutionNode = FALSE
	EndGlobalSection
	GlobalSection(ExtensibilityGlobals) = postSolution
		SolutionGuid = {2889D782-8A39-4550-A70E-3D843171DDC7}
	EndGlobalSection
EndGlobal
